# This file is automatically @generated by Cargo.
# It is not intended for manual editing.
version = 4

[[package]]
name = "mock_instant"
version = "0.5.3"
source = "registry+https://github.com/rust-lang/crates.io-index"
checksum = "4e1d4c44418358edcac6e1d9ce59cea7fb38052429c7704033f1196f0c179e6a"

[[package]]
name = "rate-limiter"
version = "0.1.0"
dependencies = [
 "mock_instant",
]
